// !$*UTF8*$!
{
	archiveVersion = 1;
	classes = {
	};
	objectVersion = 52;
	objects = {

/* Begin PBXBuildFile section */
		421995AB24578582006F6178 /* AdBannerRepresentable.swift in Sources */ = {isa = PBXBuildFile; fileRef = 421995AA24578582006F6178 /* AdBannerRepresentable.swift */; };
		42668EF3244E20EA000EE7FE /* AppDelegate.swift in Sources */ = {isa = PBXBuildFile; fileRef = 42668EF2244E20EA000EE7FE /* AppDelegate.swift */; };
		42668EF5244E20EA000EE7FE /* SceneDelegate.swift in Sources */ = {isa = PBXBuildFile; fileRef = 42668EF4244E20EA000EE7FE /* SceneDelegate.swift */; };
		42668EF7244E20EA000EE7FE /* ContentView.swift in Sources */ = {isa = PBXBuildFile; fileRef = 42668EF6244E20EA000EE7FE /* ContentView.swift */; };
		42668EF9244E20EE000EE7FE /* Assets.xcassets in Resources */ = {isa = PBXBuildFile; fileRef = 42668EF8244E20EE000EE7FE /* Assets.xcassets */; };
		42668EFC244E20EE000EE7FE /* Preview Assets.xcassets in Resources */ = {isa = PBXBuildFile; fileRef = 42668EFB244E20EE000EE7FE /* Preview Assets.xcassets */; };
		42668EFF244E20EE000EE7FE /* LaunchScreen.storyboard in Resources */ = {isa = PBXBuildFile; fileRef = 42668EFD244E20EE000EE7FE /* LaunchScreen.storyboard */; };
		42668F2724505B3D000EE7FE /* Models.swift in Sources */ = {isa = PBXBuildFile; fileRef = 42668F2624505B3D000EE7FE /* Models.swift */; };
		42668F292450BAE7000EE7FE /* RepeatTimer.swift in Sources */ = {isa = PBXBuildFile; fileRef = 42668F282450BAE7000EE7FE /* RepeatTimer.swift */; };
		42668F2B2450BC2B000EE7FE /* RhythmBox.swift in Sources */ = {isa = PBXBuildFile; fileRef = 42668F2A2450BC2B000EE7FE /* RhythmBox.swift */; };
		42668F2D2450D2D2000EE7FE /* MenuView.swift in Sources */ = {isa = PBXBuildFile; fileRef = 42668F2C2450D2D2000EE7FE /* MenuView.swift */; };
		42668F312451B29A000EE7FE /* ColourPickerView.swift in Sources */ = {isa = PBXBuildFile; fileRef = 42668F302451B29A000EE7FE /* ColourPickerView.swift */; };
		42668F332451B2B1000EE7FE /* TempoPickerView.swift in Sources */ = {isa = PBXBuildFile; fileRef = 42668F322451B2B1000EE7FE /* TempoPickerView.swift */; };
		42668F352452306C000EE7FE /* GridStack.swift in Sources */ = {isa = PBXBuildFile; fileRef = 42668F342452306C000EE7FE /* GridStack.swift */; };
		42668F3724523204000EE7FE /* SwatchView.swift in Sources */ = {isa = PBXBuildFile; fileRef = 42668F3624523204000EE7FE /* SwatchView.swift */; };
		42668F3A2457503C000EE7FE /* Grid in Frameworks */ = {isa = PBXBuildFile; productRef = 42668F392457503C000EE7FE /* Grid */; };
		A98831E81A32EF847BAF29B5 /* Pods_Moodlight.framework in Frameworks */ = {isa = PBXBuildFile; fileRef = 2A7C15F318C63A9D8C226C30 /* Pods_Moodlight.framework */; };
/* End PBXBuildFile section */

/* Begin PBXFileReference section */
		2A7C15F318C63A9D8C226C30 /* Pods_Moodlight.framework */ = {isa = PBXFileReference; explicitFileType = wrapper.framework; includeInIndex = 0; path = Pods_Moodlight.framework; sourceTree = BUILT_PRODUCTS_DIR; };
		421995AA24578582006F6178 /* AdBannerRepresentable.swift */ = {isa = PBXFileReference; lastKnownFileType = sourcecode.swift; path = AdBannerRepresentable.swift; sourceTree = "<group>"; };
		42668EEF244E20EA000EE7FE /* Moodlight!.app */ = {isa = PBXFileReference; explicitFileType = wrapper.application; includeInIndex = 0; path = "Moodlight!.app"; sourceTree = BUILT_PRODUCTS_DIR; };
		42668EF2244E20EA000EE7FE /* AppDelegate.swift */ = {isa = PBXFileReference; lastKnownFileType = sourcecode.swift; path = AppDelegate.swift; sourceTree = "<group>"; };
		42668EF4244E20EA000EE7FE /* SceneDelegate.swift */ = {isa = PBXFileReference; lastKnownFileType = sourcecode.swift; path = SceneDelegate.swift; sourceTree = "<group>"; };
		42668EF6244E20EA000EE7FE /* ContentView.swift */ = {isa = PBXFileReference; lastKnownFileType = sourcecode.swift; path = ContentView.swift; sourceTree = "<group>"; };
		42668EF8244E20EE000EE7FE /* Assets.xcassets */ = {isa = PBXFileReference; lastKnownFileType = folder.assetcatalog; path = Assets.xcassets; sourceTree = "<group>"; };
		42668EFB244E20EE000EE7FE /* Preview Assets.xcassets */ = {isa = PBXFileReference; lastKnownFileType = folder.assetcatalog; path = "Preview Assets.xcassets"; sourceTree = "<group>"; };
		42668EFE244E20EE000EE7FE /* Base */ = {isa = PBXFileReference; lastKnownFileType = file.storyboard; name = Base; path = Base.lproj/LaunchScreen.storyboard; sourceTree = "<group>"; };
		42668F00244E20EE000EE7FE /* Info.plist */ = {isa = PBXFileReference; lastKnownFileType = text.plist.xml; path = Info.plist; sourceTree = "<group>"; };
		42668F2624505B3D000EE7FE /* Models.swift */ = {isa = PBXFileReference; lastKnownFileType = sourcecode.swift; path = Models.swift; sourceTree = "<group>"; };
		42668F282450BAE7000EE7FE /* RepeatTimer.swift */ = {isa = PBXFileReference; lastKnownFileType = sourcecode.swift; path = RepeatTimer.swift; sourceTree = "<group>"; };
		42668F2A2450BC2B000EE7FE /* RhythmBox.swift */ = {isa = PBXFileReference; lastKnownFileType = sourcecode.swift; path = RhythmBox.swift; sourceTree = "<group>"; };
		42668F2C2450D2D2000EE7FE /* MenuView.swift */ = {isa = PBXFileReference; lastKnownFileType = sourcecode.swift; path = MenuView.swift; sourceTree = "<group>"; };
		42668F302451B29A000EE7FE /* ColourPickerView.swift */ = {isa = PBXFileReference; lastKnownFileType = sourcecode.swift; path = ColourPickerView.swift; sourceTree = "<group>"; };
		42668F322451B2B1000EE7FE /* TempoPickerView.swift */ = {isa = PBXFileReference; lastKnownFileType = sourcecode.swift; path = TempoPickerView.swift; sourceTree = "<group>"; };
		42668F342452306C000EE7FE /* GridStack.swift */ = {isa = PBXFileReference; lastKnownFileType = sourcecode.swift; path = GridStack.swift; sourceTree = "<group>"; };
		42668F3624523204000EE7FE /* SwatchView.swift */ = {isa = PBXFileReference; lastKnownFileType = sourcecode.swift; path = SwatchView.swift; sourceTree = "<group>"; };
		BFCB0BC7DF636871970FF35F /* Pods-Moodlight.release.xcconfig */ = {isa = PBXFileReference; includeInIndex = 1; lastKnownFileType = text.xcconfig; name = "Pods-Moodlight.release.xcconfig"; path = "Target Support Files/Pods-Moodlight/Pods-Moodlight.release.xcconfig"; sourceTree = "<group>"; };
		D24B4E99A349BAE2B9F82FCE /* Pods-Moodlight.debug.xcconfig */ = {isa = PBXFileReference; includeInIndex = 1; lastKnownFileType = text.xcconfig; name = "Pods-Moodlight.debug.xcconfig"; path = "Target Support Files/Pods-Moodlight/Pods-Moodlight.debug.xcconfig"; sourceTree = "<group>"; };
/* End PBXFileReference section */

/* Begin PBXFrameworksBuildPhase section */
		42668EEC244E20EA000EE7FE /* Frameworks */ = {
			isa = PBXFrameworksBuildPhase;
			buildActionMask = 2147483647;
			files = (
				42668F3A2457503C000EE7FE /* Grid in Frameworks */,
				A98831E81A32EF847BAF29B5 /* Pods_Moodlight.framework in Frameworks */,
			);
			runOnlyForDeploymentPostprocessing = 0;
		};
/* End PBXFrameworksBuildPhase section */

/* Begin PBXGroup section */
		1622BACC6CE98E25E5425409 /* Pods */ = {
			isa = PBXGroup;
			children = (
				D24B4E99A349BAE2B9F82FCE /* Pods-Moodlight.debug.xcconfig */,
				BFCB0BC7DF636871970FF35F /* Pods-Moodlight.release.xcconfig */,
			);
			path = Pods;
			sourceTree = "<group>";
		};
		1FAEF10CC50555DBF201B954 /* Frameworks */ = {
			isa = PBXGroup;
			children = (
				2A7C15F318C63A9D8C226C30 /* Pods_Moodlight.framework */,
			);
			name = Frameworks;
			sourceTree = "<group>";
		};
		42668EE6244E20EA000EE7FE = {
			isa = PBXGroup;
			children = (
				42668EF1244E20EA000EE7FE /* Moodlight */,
				42668EF0244E20EA000EE7FE /* Products */,
				1622BACC6CE98E25E5425409 /* Pods */,
				1FAEF10CC50555DBF201B954 /* Frameworks */,
			);
			sourceTree = "<group>";
		};
		42668EF0244E20EA000EE7FE /* Products */ = {
			isa = PBXGroup;
			children = (
				42668EEF244E20EA000EE7FE /* Moodlight!.app */,
			);
			name = Products;
			sourceTree = "<group>";
		};
		42668EF1244E20EA000EE7FE /* Moodlight */ = {
			isa = PBXGroup;
			children = (
				42668EFA244E20EE000EE7FE /* Preview Content */,
				42668EF8244E20EE000EE7FE /* Assets.xcassets */,
				42668EFD244E20EE000EE7FE /* LaunchScreen.storyboard */,
				42668F00244E20EE000EE7FE /* Info.plist */,
				42668EF2244E20EA000EE7FE /* AppDelegate.swift */,
				42668EF4244E20EA000EE7FE /* SceneDelegate.swift */,
				42668EF6244E20EA000EE7FE /* ContentView.swift */,
				42668F2C2450D2D2000EE7FE /* MenuView.swift */,
				42668F342452306C000EE7FE /* GridStack.swift */,
				42668F3624523204000EE7FE /* SwatchView.swift */,
				42668F302451B29A000EE7FE /* ColourPickerView.swift */,
				42668F322451B2B1000EE7FE /* TempoPickerView.swift */,
				42668F2624505B3D000EE7FE /* Models.swift */,
				42668F282450BAE7000EE7FE /* RepeatTimer.swift */,
				42668F2A2450BC2B000EE7FE /* RhythmBox.swift */,
				421995AA24578582006F6178 /* AdBannerRepresentable.swift */,
			);
			path = Moodlight;
			sourceTree = "<group>";
		};
		42668EFA244E20EE000EE7FE /* Preview Content */ = {
			isa = PBXGroup;
			children = (
				42668EFB244E20EE000EE7FE /* Preview Assets.xcassets */,
			);
			path = "Preview Content";
			sourceTree = "<group>";
		};
/* End PBXGroup section */

/* Begin PBXNativeTarget section */
		42668EEE244E20EA000EE7FE /* Moodlight */ = {
			isa = PBXNativeTarget;
			buildConfigurationList = 42668F03244E20EE000EE7FE /* Build configuration list for PBXNativeTarget "Moodlight" */;
			buildPhases = (
				4D7373068F0EDE00E226C1DD /* [CP] Check Pods Manifest.lock */,
				42668EEB244E20EA000EE7FE /* Sources */,
				42668EEC244E20EA000EE7FE /* Frameworks */,
				42668EED244E20EA000EE7FE /* Resources */,
				A61185255708D32EDB94E076 /* [CP] Embed Pods Frameworks */,
			);
			buildRules = (
			);
			dependencies = (
			);
			name = Moodlight;
			packageProductDependencies = (
				42668F392457503C000EE7FE /* Grid */,
			);
			productName = Moodlight;
			productReference = 42668EEF244E20EA000EE7FE /* Moodlight!.app */;
			productType = "com.apple.product-type.application";
		};
/* End PBXNativeTarget section */

/* Begin PBXProject section */
		42668EE7244E20EA000EE7FE /* Project object */ = {
			isa = PBXProject;
			attributes = {
				LastSwiftUpdateCheck = 1140;
				LastUpgradeCheck = 1140;
				ORGANIZATIONNAME = "Vijay Sharma";
				TargetAttributes = {
					42668EEE244E20EA000EE7FE = {
						CreatedOnToolsVersion = 11.4.1;
					};
				};
			};
			buildConfigurationList = 42668EEA244E20EA000EE7FE /* Build configuration list for PBXProject "Moodlight" */;
			compatibilityVersion = "Xcode 9.3";
			developmentRegion = en;
			hasScannedForEncodings = 0;
			knownRegions = (
				en,
				Base,
			);
			mainGroup = 42668EE6244E20EA000EE7FE;
			packageReferences = (
				42668F382457503B000EE7FE /* XCRemoteSwiftPackageReference "swiftui-grid" */,
			);
			productRefGroup = 42668EF0244E20EA000EE7FE /* Products */;
			projectDirPath = "";
			projectRoot = "";
			targets = (
				42668EEE244E20EA000EE7FE /* Moodlight */,
			);
		};
/* End PBXProject section */

/* Begin PBXResourcesBuildPhase section */
		42668EED244E20EA000EE7FE /* Resources */ = {
			isa = PBXResourcesBuildPhase;
			buildActionMask = 2147483647;
			files = (
				42668EFF244E20EE000EE7FE /* LaunchScreen.storyboard in Resources */,
				42668EFC244E20EE000EE7FE /* Preview Assets.xcassets in Resources */,
				42668EF9244E20EE000EE7FE /* Assets.xcassets in Resources */,
			);
			runOnlyForDeploymentPostprocessing = 0;
		};
/* End PBXResourcesBuildPhase section */

/* Begin PBXShellScriptBuildPhase section */
		4D7373068F0EDE00E226C1DD /* [CP] Check Pods Manifest.lock */ = {
			isa = PBXShellScriptBuildPhase;
			buildActionMask = 2147483647;
			files = (
			);
			inputFileListPaths = (
			);
			inputPaths = (
				"${PODS_PODFILE_DIR_PATH}/Podfile.lock",
				"${PODS_ROOT}/Manifest.lock",
			);
			name = "[CP] Check Pods Manifest.lock";
			outputFileListPaths = (
			);
			outputPaths = (
				"$(DERIVED_FILE_DIR)/Pods-Moodlight-checkManifestLockResult.txt",
			);
			runOnlyForDeploymentPostprocessing = 0;
			shellPath = /bin/sh;
			shellScript = "diff \"${PODS_PODFILE_DIR_PATH}/Podfile.lock\" \"${PODS_ROOT}/Manifest.lock\" > /dev/null\nif [ $? != 0 ] ; then\n    # print error to STDERR\n    echo \"error: The sandbox is not in sync with the Podfile.lock. Run 'pod install' or update your CocoaPods installation.\" >&2\n    exit 1\nfi\n# This output is used by Xcode 'outputs' to avoid re-running this script phase.\necho \"SUCCESS\" > \"${SCRIPT_OUTPUT_FILE_0}\"\n";
			showEnvVarsInLog = 0;
		};
		A61185255708D32EDB94E076 /* [CP] Embed Pods Frameworks */ = {
			isa = PBXShellScriptBuildPhase;
			buildActionMask = 2147483647;
			files = (
			);
			inputFileListPaths = (
				"${PODS_ROOT}/Target Support Files/Pods-Moodlight/Pods-Moodlight-frameworks-${CONFIGURATION}-input-files.xcfilelist",
			);
			name = "[CP] Embed Pods Frameworks";
			outputFileListPaths = (
				"${PODS_ROOT}/Target Support Files/Pods-Moodlight/Pods-Moodlight-frameworks-${CONFIGURATION}-output-files.xcfilelist",
			);
			runOnlyForDeploymentPostprocessing = 0;
			shellPath = /bin/sh;
			shellScript = "\"${PODS_ROOT}/Target Support Files/Pods-Moodlight/Pods-Moodlight-frameworks.sh\"\n";
			showEnvVarsInLog = 0;
		};
/* End PBXShellScriptBuildPhase section */

/* Begin PBXSourcesBuildPhase section */
		42668EEB244E20EA000EE7FE /* Sources */ = {
			isa = PBXSourcesBuildPhase;
			buildActionMask = 2147483647;
			files = (
				42668F352452306C000EE7FE /* GridStack.swift in Sources */,
				42668F2D2450D2D2000EE7FE /* MenuView.swift in Sources */,
				42668F292450BAE7000EE7FE /* RepeatTimer.swift in Sources */,
				42668EF3244E20EA000EE7FE /* AppDelegate.swift in Sources */,
				42668EF5244E20EA000EE7FE /* SceneDelegate.swift in Sources */,
				421995AB24578582006F6178 /* AdBannerRepresentable.swift in Sources */,
				42668F2B2450BC2B000EE7FE /* RhythmBox.swift in Sources */,
				42668EF7244E20EA000EE7FE /* ContentView.swift in Sources */,
				42668F3724523204000EE7FE /* SwatchView.swift in Sources */,
				42668F312451B29A000EE7FE /* ColourPickerView.swift in Sources */,
				42668F332451B2B1000EE7FE /* TempoPickerView.swift in Sources */,
				42668F2724505B3D000EE7FE /* Models.swift in Sources */,
			);
			runOnlyForDeploymentPostprocessing = 0;
		};
/* End PBXSourcesBuildPhase section */

/* Begin PBXVariantGroup section */
		42668EFD244E20EE000EE7FE /* LaunchScreen.storyboard */ = {
			isa = PBXVariantGroup;
			children = (
				42668EFE244E20EE000EE7FE /* Base */,
			);
			name = LaunchScreen.storyboard;
			sourceTree = "<group>";
		};
/* End PBXVariantGroup section */

/* Begin XCBuildConfiguration section */
		42668F01244E20EE000EE7FE /* Debug */ = {
			isa = XCBuildConfiguration;
			buildSettings = {
				ALWAYS_SEARCH_USER_PATHS = NO;
				CLANG_ANALYZER_NONNULL = YES;
				CLANG_ANALYZER_NUMBER_OBJECT_CONVERSION = YES_AGGRESSIVE;
				CLANG_CXX_LANGUAGE_STANDARD = "gnu++14";
				CLANG_CXX_LIBRARY = "libc++";
				CLANG_ENABLE_MODULES = YES;
				CLANG_ENABLE_OBJC_ARC = YES;
				CLANG_ENABLE_OBJC_WEAK = YES;
				CLANG_WARN_BLOCK_CAPTURE_AUTORELEASING = YES;
				CLANG_WARN_BOOL_CONVERSION = YES;
				CLANG_WARN_COMMA = YES;
				CLANG_WARN_CONSTANT_CONVERSION = YES;
				CLANG_WARN_DEPRECATED_OBJC_IMPLEMENTATIONS = YES;
				CLANG_WARN_DIRECT_OBJC_ISA_USAGE = YES_ERROR;
				CLANG_WARN_DOCUMENTATION_COMMENTS = YES;
				CLANG_WARN_EMPTY_BODY = YES;
				CLANG_WARN_ENUM_CONVERSION = YES;
				CLANG_WARN_INFINITE_RECURSION = YES;
				CLANG_WARN_INT_CONVERSION = YES;
				CLANG_WARN_NON_LITERAL_NULL_CONVERSION = YES;
				CLANG_WARN_OBJC_IMPLICIT_RETAIN_SELF = YES;
				CLANG_WARN_OBJC_LITERAL_CONVERSION = YES;
				CLANG_WARN_OBJC_ROOT_CLASS = YES_ERROR;
				CLANG_WARN_RANGE_LOOP_ANALYSIS = YES;
				CLANG_WARN_STRICT_PROTOTYPES = YES;
				CLANG_WARN_SUSPICIOUS_MOVE = YES;
				CLANG_WARN_UNGUARDED_AVAILABILITY = YES_AGGRESSIVE;
				CLANG_WARN_UNREACHABLE_CODE = YES;
				CLANG_WARN__DUPLICATE_METHOD_MATCH = YES;
				COPY_PHASE_STRIP = NO;
				DEBUG_INFORMATION_FORMAT = dwarf;
				ENABLE_STRICT_OBJC_MSGSEND = YES;
				ENABLE_TESTABILITY = YES;
				GCC_C_LANGUAGE_STANDARD = gnu11;
				GCC_DYNAMIC_NO_PIC = NO;
				GCC_NO_COMMON_BLOCKS = YES;
				GCC_OPTIMIZATION_LEVEL = 0;
				GCC_PREPROCESSOR_DEFINITIONS = (
					"DEBUG=1",
					"$(inherited)",
				);
				GCC_WARN_64_TO_32_BIT_CONVERSION = YES;
				GCC_WARN_ABOUT_RETURN_TYPE = YES_ERROR;
				GCC_WARN_UNDECLARED_SELECTOR = YES;
				GCC_WARN_UNINITIALIZED_AUTOS = YES_AGGRESSIVE;
				GCC_WARN_UNUSED_FUNCTION = YES;
				GCC_WARN_UNUSED_VARIABLE = YES;
				IPHONEOS_DEPLOYMENT_TARGET = 13.4;
				MTL_ENABLE_DEBUG_INFO = INCLUDE_SOURCE;
				MTL_FAST_MATH = YES;
				ONLY_ACTIVE_ARCH = YES;
				SDKROOT = iphoneos;
				SWIFT_ACTIVE_COMPILATION_CONDITIONS = DEBUG;
				SWIFT_OPTIMIZATION_LEVEL = "-Onone";
			};
			name = Debug;
		};
		42668F02244E20EE000EE7FE /* Release */ = {
			isa = XCBuildConfiguration;
			buildSettings = {
				ALWAYS_SEARCH_USER_PATHS = NO;
				CLANG_ANALYZER_NONNULL = YES;
				CLANG_ANALYZER_NUMBER_OBJECT_CONVERSION = YES_AGGRESSIVE;
				CLANG_CXX_LANGUAGE_STANDARD = "gnu++14";
				CLANG_CXX_LIBRARY = "libc++";
				CLANG_ENABLE_MODULES = YES;
				CLANG_ENABLE_OBJC_ARC = YES;
				CLANG_ENABLE_OBJC_WEAK = YES;
				CLANG_WARN_BLOCK_CAPTURE_AUTORELEASING = YES;
				CLANG_WARN_BOOL_CONVERSION = YES;
				CLANG_WARN_COMMA = YES;
				CLANG_WARN_CONSTANT_CONVERSION = YES;
				CLANG_WARN_DEPRECATED_OBJC_IMPLEMENTATIONS = YES;
				CLANG_WARN_DIRECT_OBJC_ISA_USAGE = YES_ERROR;
				CLANG_WARN_DOCUMENTATION_COMMENTS = YES;
				CLANG_WARN_EMPTY_BODY = YES;
				CLANG_WARN_ENUM_CONVERSION = YES;
				CLANG_WARN_INFINITE_RECURSION = YES;
				CLANG_WARN_INT_CONVERSION = YES;
				CLANG_WARN_NON_LITERAL_NULL_CONVERSION = YES;
				CLANG_WARN_OBJC_IMPLICIT_RETAIN_SELF = YES;
				CLANG_WARN_OBJC_LITERAL_CONVERSION = YES;
				CLANG_WARN_OBJC_ROOT_CLASS = YES_ERROR;
				CLANG_WARN_RANGE_LOOP_ANALYSIS = YES;
				CLANG_WARN_STRICT_PROTOTYPES = YES;
				CLANG_WARN_SUSPICIOUS_MOVE = YES;
				CLANG_WARN_UNGUARDED_AVAILABILITY = YES_AGGRESSIVE;
				CLANG_WARN_UNREACHABLE_CODE = YES;
				CLANG_WARN__DUPLICATE_METHOD_MATCH = YES;
				COPY_PHASE_STRIP = NO;
				DEBUG_INFORMATION_FORMAT = "dwarf-with-dsym";
				ENABLE_NS_ASSERTIONS = NO;
				ENABLE_STRICT_OBJC_MSGSEND = YES;
				GCC_C_LANGUAGE_STANDARD = gnu11;
				GCC_NO_COMMON_BLOCKS = YES;
				GCC_WARN_64_TO_32_BIT_CONVERSION = YES;
				GCC_WARN_ABOUT_RETURN_TYPE = YES_ERROR;
				GCC_WARN_UNDECLARED_SELECTOR = YES;
				GCC_WARN_UNINITIALIZED_AUTOS = YES_AGGRESSIVE;
				GCC_WARN_UNUSED_FUNCTION = YES;
				GCC_WARN_UNUSED_VARIABLE = YES;
				IPHONEOS_DEPLOYMENT_TARGET = 13.4;
				MTL_ENABLE_DEBUG_INFO = NO;
				MTL_FAST_MATH = YES;
				SDKROOT = iphoneos;
				SWIFT_COMPILATION_MODE = wholemodule;
				SWIFT_OPTIMIZATION_LEVEL = "-O";
				VALIDATE_PRODUCT = YES;
			};
			name = Release;
		};
		42668F04244E20EE000EE7FE /* Debug */ = {
			isa = XCBuildConfiguration;
			baseConfigurationReference = D24B4E99A349BAE2B9F82FCE /* Pods-Moodlight.debug.xcconfig */;
			buildSettings = {
				ASSETCATALOG_COMPILER_APPICON_NAME = AppIcon;
				CODE_SIGN_STYLE = Automatic;
				DEVELOPMENT_ASSET_PATHS = "\"Moodlight/Preview Content\"";
				DEVELOPMENT_TEAM = 3695BW8G7F;
				ENABLE_PREVIEWS = YES;
				INFOPLIST_FILE = Moodlight/Info.plist;
				IPHONEOS_DEPLOYMENT_TARGET = 13.0;
				LD_RUNPATH_SEARCH_PATHS = (
					"$(inherited)",
					"@executable_path/Frameworks",
				);
				PRODUCT_BUNDLE_IDENTIFIER = ca.vijaysharma.Moodlight;
				PRODUCT_NAME = "Moodlight!";
				SWIFT_VERSION = 5.0;
				TARGETED_DEVICE_FAMILY = "1,2";
			};
			name = Debug;
		};
		42668F05244E20EE000EE7FE /* Release */ = {
			isa = XCBuildConfiguration;
			baseConfigurationReference = BFCB0BC7DF636871970FF35F /* Pods-Moodlight.release.xcconfig */;
			buildSettings = {
				ASSETCATALOG_COMPILER_APPICON_NAME = AppIcon;
				CODE_SIGN_STYLE = Automatic;
				DEVELOPMENT_ASSET_PATHS = "\"Moodlight/Preview Content\"";
				DEVELOPMENT_TEAM = 3695BW8G7F;
				ENABLE_PREVIEWS = YES;
				INFOPLIST_FILE = Moodlight/Info.plist;
				IPHONEOS_DEPLOYMENT_TARGET = 13.0;
				LD_RUNPATH_SEARCH_PATHS = (
					"$(inherited)",
					"@executable_path/Frameworks",
				);
				PRODUCT_BUNDLE_IDENTIFIER = ca.vijaysharma.Moodlight;
				PRODUCT_NAME = "Moodlight!";
				SWIFT_VERSION = 5.0;
				TARGETED_DEVICE_FAMILY = "1,2";
			};
			name = Release;
		};
/* End XCBuildConfiguration section */

/* Begin XCConfigurationList section */
		42668EEA244E20EA000EE7FE /* Build configuration list for PBXProject "Moodlight" */ = {
			isa = XCConfigurationList;
			buildConfigurations = (
				42668F01244E20EE000EE7FE /* Debug */,
				42668F02244E20EE000EE7FE /* Release */,
			);
			defaultConfigurationIsVisible = 0;
			defaultConfigurationName = Release;
		};
		42668F03244E20EE000EE7FE /* Build configuration list for PBXNativeTarget "Moodlight" */ = {
			isa = XCConfigurationList;
			buildConfigurations = (
				42668F04244E20EE000EE7FE /* Debug */,
				42668F05244E20EE000EE7FE /* Release */,
			);
			defaultConfigurationIsVisible = 0;
			defaultConfigurationName = Release;
		};
/* End XCConfigurationList section */

/* Begin XCRemoteSwiftPackageReference section */
		42668F382457503B000EE7FE /* XCRemoteSwiftPackageReference "swiftui-grid" */ = {
			isa = XCRemoteSwiftPackageReference;
			repositoryURL = "git@github.com:spacenation/swiftui-grid.git";
			requirement = {
				kind = upToNextMajorVersion;
				minimumVersion = 1.0.4;
			};
		};
/* End XCRemoteSwiftPackageReference section */

/* Begin XCSwiftPackageProductDependency section */
		42668F392457503C000EE7FE /* Grid */ = {
			isa = XCSwiftPackageProductDependency;
			package = 42668F382457503B000EE7FE /* XCRemoteSwiftPackageReference "swiftui-grid" */;
			productName = Grid;
		};
/* End XCSwiftPackageProductDependency section */
	};
	rootObject = 42668EE7244E20EA000EE7FE /* Project object */;
}
